<?xml version="1.0" encoding="utf-8"?>
<Project ToolsVersion="4.0" xmlns="http://schemas.microsoft.com/developer/msbuild/2003">
  <ItemGroup>
    <Filter Include="Source Files">
      <UniqueIdentifier>{4FC737F1-C7A5-4376-A066-2A32D752A2FF}</UniqueIdentifier>
      <Extensions>cpp;c;cc;cxx;c++;cppm;ixx;def;odl;idl;hpj;bat;asm;asmx</Extensions>
    </Filter>
    <Filter Include="Header Files">
      <UniqueIdentifier>{93995380-89BD-4b04-88EB-625FBE52EBFB}</UniqueIdentifier>
      <Extensions>h;hh;hpp;hxx;h++;hm;inl;inc;ipp;xsd</Extensions>
    </Filter>
    <Filter Include="Resource Files">
      <UniqueIdentifier>{67DA6AB6-F800-4c08-8B7A-83BB121AAD01}</UniqueIdentifier>
      <Extensions>rc;ico;cur;bmp;dlg;rc2;rct;bin;rgs;gif;jpg;jpeg;jpe;resx;tiff;tif;png;wav;mfcribbon-ms</Extensions>
    </Filter>
    <Filter Include="external">
      <UniqueIdentifier>{c973940f-36a9-48ca-bb19-5bc5af09a524}</UniqueIdentifier>
    </Filter>
  </ItemGroup>
  <ItemGroup>
    <ClCompile Include="source\app\main.cpp">
      <Filter>Source Files</Filter>
    </ClCompile>
    <ClCompile Include="external\ImGuiFileDialog\ImGuiFileDialog.cpp">
      <Filter>external</Filter>
    </ClCompile>
    <ClCompile Include="source\app\App.h">
      <Filter>Source Files</Filter>
    </ClCompile>
    <ClCompile Include="source\app\App.cpp">
      <Filter>Source Files</Filter>
    </ClCompile>
    <ClCompile Include="source\app\ExchangeComp.cpp">
      <Filter>Source Files</Filter>
    </ClCompile>
    <ClCompile Include="source\app\AppStyle.cpp">
      <Filter>Source Files</Filter>
    </ClCompile>
    <ClCompile Include="source\app\AssetComp.cpp">
      <Filter>Source Files</Filter>
    </ClCompile>
    <ClCompile Include="source\editor\editor.cpp">
      <Filter>Source Files</Filter>
    </ClCompile>
    <ClCompile Include="source\editor\ngdoc.cpp">
      <Filter>Source Files</Filter>
    </ClCompile>
    <ClCompile Include="source\editor\ngdraw.cpp">
      <Filter>Source Files</Filter>
    </ClCompile>
    <ClCompile Include="source\editor\nged.cpp">
      <Filter>Source Files</Filter>
    </ClCompile>
    <ClCompile Include="source\editor\nged_imgui.cpp">
      <Filter>Source Files</Filter>
    </ClCompile>
    <ClCompile Include="source\editor\nged_imgui_fonts.cpp">
      <Filter>Source Files</Filter>
    </ClCompile>
    <ClCompile Include="source\editor\nodes.cpp">
      <Filter>Source Files</Filter>
    </ClCompile>
    <ClCompile Include="source\editor\style.cpp">
      <Filter>Source Files</Filter>
    </ClCompile>
    <ClCompile Include="external\miniz\miniz.c">
      <Filter>Source Files</Filter>
    </ClCompile>
    <ClCompile Include="external\nfd\nfd_common.c">
      <Filter>Source Files</Filter>
    </ClCompile>
    <ClCompile Include="external\nfd\nfd_win.cpp">
      <Filter>Source Files</Filter>
    </ClCompile>
    <ClCompile Include="external\boxer\boxer_win.cpp">
      <Filter>Source Files</Filter>
    </ClCompile>
    <ClCompile Include="source\editor\nodes\AgisXNodeFactory.ixx">
      <Filter>Source Files</Filter>
    </ClCompile>
    <ClCompile Include="source\editor\nodes\AgisXNodeFactory.cpp">
      <Filter>Source Files</Filter>
    </ClCompile>
    <ClCompile Include="source\editor\nodes\AgisXNode.ixx">
      <Filter>Source Files</Filter>
    </ClCompile>
    <ClCompile Include="source\app\EditorComp.cpp">
      <Filter>Source Files</Filter>
    </ClCompile>
    <ClCompile Include="source\editor\nodes\AgisXNode.cpp">
      <Filter>Source Files</Filter>
    </ClCompile>
    <ClCompile Include="source\editor\nodes\AgisXGraph.ixx">
      <Filter>Source Files</Filter>
    </ClCompile>
    <ClCompile Include="source\editor\nodes\AgisXGraph.cpp">
      <Filter>Source Files</Filter>
    </ClCompile>
    <ClCompile Include="source\editor\nodes\AgisXSerialize.cpp">
      <Filter>Source Files</Filter>
    </ClCompile>
    <ClCompile Include="source\editor\nodes\AgisXResponser.ixx">
      <Filter>Source Files</Filter>
    </ClCompile>
    <ClCompile Include="source\editor\nodes\AgisXResponser.cpp">
      <Filter>Source Files</Filter>
    </ClCompile>
  </ItemGroup>
  <ItemGroup>
    <ClInclude Include="source\app\ExchangeComp.h">
      <Filter>Header Files</Filter>
    </ClInclude>
    <ClInclude Include="source\app\BaseComp.h">
      <Filter>Header Files</Filter>
    </ClInclude>
    <ClInclude Include="external\include\ImGuiFileDialog.h">
      <Filter>Header Files</Filter>
    </ClInclude>
    <ClInclude Include="external\include\ImGuiFileDialogConfig.h">
      <Filter>Header Files</Filter>
    </ClInclude>
    <ClInclude Include="source\app\AppStyle.h">
      <Filter>Header Files</Filter>
    </ClInclude>
    <ClInclude Include="source\app\AssetComp.h">
      <Filter>Header Files</Filter>
    </ClInclude>
    <ClInclude Include="source\app\Helpers.h">
      <Filter>Header Files</Filter>
    </ClInclude>
    <ClInclude Include="external\include\nlohmann\json.hpp">
      <Filter>Header Files</Filter>
    </ClInclude>
    <ClInclude Include="external\include\nlohmann\json_fwd.hpp">
      <Filter>Header Files</Filter>
    </ClInclude>
    <ClInclude Include="external\nged\gmath.h">
      <Filter>Header Files</Filter>
    </ClInclude>
    <ClInclude Include="external\nged\ngdoc.h">
      <Filter>Header Files</Filter>
    </ClInclude>
    <ClInclude Include="external\nged\style.h">
      <Filter>Header Files</Filter>
    </ClInclude>
    <ClInclude Include="external\nged\utils.h">
      <Filter>Header Files</Filter>
    </ClInclude>
    <ClInclude Include="external\include\miniz.h">
      <Filter>Header Files</Filter>
    </ClInclude>
    <ClInclude Include="external\include\nfd.h">
      <Filter>Header Files</Filter>
    </ClInclude>
    <ClInclude Include="external\include\uuid.h">
      <Filter>Header Files</Filter>
    </ClInclude>
    <ClInclude Include="external\include\phmap\btree.h">
      <Filter>Header Files</Filter>
    </ClInclude>
    <ClInclude Include="external\include\phmap\meminfo.h">
      <Filter>Header Files</Filter>
    </ClInclude>
    <ClInclude Include="external\include\phmap\phmap.h">
      <Filter>Header Files</Filter>
    </ClInclude>
    <ClInclude Include="external\include\phmap\phmap_base.h">
      <Filter>Header Files</Filter>
    </ClInclude>
    <ClInclude Include="external\include\phmap\phmap_bits.h">
      <Filter>Header Files</Filter>
    </ClInclude>
    <ClInclude Include="external\include\phmap\phmap_config.h">
      <Filter>Header Files</Filter>
    </ClInclude>
    <ClInclude Include="external\include\phmap\phmap_dump.h">
      <Filter>Header Files</Filter>
    </ClInclude>
    <ClInclude Include="external\include\phmap\phmap_fwd_decl.h">
      <Filter>Header Files</Filter>
    </ClInclude>
    <ClInclude Include="external\include\phmap\phmap_utils.h">
      <Filter>Header Files</Filter>
    </ClInclude>
    <ClInclude Include="source\editor\editor.h">
      <Filter>Header Files</Filter>
    </ClInclude>
    <ClInclude Include="source\editor\gmath.h">
      <Filter>Header Files</Filter>
    </ClInclude>
    <ClInclude Include="source\editor\ngdoc.h">
      <Filter>Header Files</Filter>
    </ClInclude>
    <ClInclude Include="source\editor\nged.h">
      <Filter>Header Files</Filter>
    </ClInclude>
    <ClInclude Include="source\editor\nged_imgui.h">
      <Filter>Header Files</Filter>
    </ClInclude>
    <ClInclude Include="source\editor\nodes.h">
      <Filter>Header Files</Filter>
    </ClInclude>
    <ClInclude Include="source\editor\style.h">
      <Filter>Header Files</Filter>
    </ClInclude>
    <ClInclude Include="source\editor\utils.h">
      <Filter>Header Files</Filter>
    </ClInclude>
    <ClInclude Include="source\editor\res\fa_icondef.h">
      <Filter>Header Files</Filter>
    </ClInclude>
    <ClInclude Include="source\editor\res\fa_solid.hpp">
      <Filter>Header Files</Filter>
    </ClInclude>
    <ClInclude Include="source\editor\res\roboto_medium.hpp">
      <Filter>Header Files</Filter>
    </ClInclude>
    <ClInclude Include="source\editor\res\sourcecodepro.hpp">
      <Filter>Header Files</Filter>
    </ClInclude>
    <ClInclude Include="external\include\boxer.h">
      <Filter>Header Files</Filter>
    </ClInclude>
    <ClInclude Include="source\app\EditorComp.h">
      <Filter>Header Files</Filter>
    </ClInclude>
    <ClInclude Include="source\editor\nodes\AgisXSerialize.h">
      <Filter>Header Files</Filter>
    </ClInclude>
    <ClInclude Include="source\app\AgisXDeclare.h">
      <Filter>Header Files</Filter>
    </ClInclude>
  </ItemGroup>
</Project>